{
  "name": "backend",
  "lockfileVersion": 3,
  "requires": true,
  "auth_provider_x509_cert_url": "https://www.googleapis.com/oauth2/v1/certs",
  "auth_uri": "https://accounts.google.com/o/oauth2/auth",
  "client_email": "firebase-adminsdk-fbsvc@caretaker-29d53.iam.gserviceaccount.com",
  "client_id": "100628815410330500385",
  "client_x509_cert_url": "https://www.googleapis.com/robot/v1/metadata/x509/firebase-adminsdk-fbsvc%40caretaker-29d53.iam.gserviceaccount.com",
  "private_key": "-----BEGIN PRIVATE KEY-----\nMIIEvwIBADANBgkqhkiG9w0BAQEFAASCBKkwggSlAgEAAoIBAQDSjWfk8eWCCeOy\nn4ejZkIVqAFvOZAatORl3b1orgQKmz87F8BWv0w80yx/IIFq4DFKQ2c2RGnJeUas\nEC0nEijEeKpibDLYa8HfNHlfnFymgYEbCeNKeh4jdb+15QZpl1MkdDlKoOzYfQKE\nYtaISl68L1L0M4YFRKOOtjlpnREreavLXKBDnii1lQqMqrJRYvNO0RB9jXgNrRXM\nwa3dNlJzt/1LGlkgMiPzMNJS2gU0MXa4ZwRENYzvrQsawd7FQNq4Zo+ZILu9jchJ\nr7dnu640V2KwVfdKHaU1kUMMacgYUonAOoUsmDUc2/HM6rQt1ueHbobDxYlGRFMG\nButNicaFAgMBAAECggEADnBUiNp+zOtdMkVm4ZF0ZDRMfuJha7dudz7cy5YtYEXT\nsPt4vOoq8fvgUAp8XYYo0ykqpYnNAFxA+LE2S3jfE1QcCRpW5UkEd0hLr38TSnbU\nkfRcYiHcOb3MKw7c4PZX5QbUW/YLr+/osYfuotOIyhprs6Pp46gYmEOOTdwPzp2O\nTJ3gPI/pPvtCc6bCNAD3inpliCCLnS41A8wj1//X4sWEHqQRZeppiJ+R1Xs2i1S7\nofzq761KCsC2DYzbii645ZEffKIYFY43bQ4cpSfmapC+rHZ2B6DDDs15tEiDguAq\neSyEzmgNAhoViPXDlb2qKfsGSL5eVYTJ+DsIDSuzeQKBgQDt0bT8NadpsAR+rBX3\neEOIAA5o/51Nic4yVhs9rzAqWrfQRZNCKTtm5nt55bbBZDL5Exo7BDRWptVtZ6LR\nbqtsCajp7E+0hrFg/4ReVMLNAE9LmKf8IeHdzhQ7y8T++RsPT/0s8WSIIzTCypMG\nDjCv6mJnr27OlCIfM5fuL1I9nQKBgQDiphFevFf2UspEQMb6dZnbEdCfoT//lOXt\nKTOx8sXz/+om8jxIVlBxFtd3x+Omx+dsY1I69FF8r9CFZ6b1IJGyZL8YvL83HEy3\n/StSgh23LoaPWvGUrZQSu32gQ+u6lrn4yd6Id8KgOKliEqF4sXxFOBJxfNrRqGaA\nCR3fnVdMCQKBgQCHfNbIbWTgYGhfJnkpULngjG+pQB+FIkJ4CPhiDyG4r5BTNqAr\nrEPsXtjv3IBe80/a+RgTkVSkHU4wkz9+Y7eDyIkUJA5Qwf/iTBBEkbOdiVSjs+fY\nTBFbBWIfovqrbI4PDjol1ay5pp0TcMeMRp9USYsgmSDeziQWdJVVHF6VPQKBgQCg\ngE3IssPv0c0e7Gh8MQ+VTVZZ1M0HZyA0BHtxRqTcF5xvnBcIeudYTn6jelBCaUn/\nPY6b5SxXigG2lyJqcHf8xs906yTWGBpUKNqnATGd6TqtBhAR46H6af+aoL6sUdS8\n0+fc6EJRSA7bPqpOWBHSytR0vaAP3JtJjCs1kayiUQKBgQDWv4bBGNXP+CjH6b+N\nL8gXhU1Y7AaEBtCK666DPFnsCweSQ0tIUWwiceXc2MLdkW0V4ge/SU4KGKPB9dxe\ni7hGxzcQfnVf/+hJmYRZ4sNnxBj2qr7zJkiz3OxJY06WGqkCE/vfbiCmkFgQxNo9\n5sTIwpP4k6wPbbkpmvyw1YAUfw==\n-----END PRIVATE KEY-----\n",
  "private_key_id": "0900f9ab0db115b9fd45182bd642dbaa9bddde81",
  "project_id": "caretaker-29d53",
  "token_uri": "https://oauth2.googleapis.com/token",
  "type": "service_account",
  "universe_domain": "googleapis.com",
  "packages": {}
}
